// !$*UTF8*$!
{
	archiveVersion = 1;
	classes = {
	};
	objectVersion = 46;
	objects = {

/* Begin PBXBuildFile section */
		636E62EC1E28770F00793DBA /* AppDelegate.swift in Sources */ = {isa = PBXBuildFile; fileRef = 636E62EB1E28770F00793DBA /* AppDelegate.swift */; };
		636E62EE1E28770F00793DBA /* ViewController.swift in Sources */ = {isa = PBXBuildFile; fileRef = 636E62ED1E28770F00793DBA /* ViewController.swift */; };
		636E62F11E28770F00793DBA /* Main.storyboard in Resources */ = {isa = PBXBuildFile; fileRef = 636E62EF1E28770F00793DBA /* Main.storyboard */; };
		636E62F31E28770F00793DBA /* Assets.xcassets in Resources */ = {isa = PBXBuildFile; fileRef = 636E62F21E28770F00793DBA /* Assets.xcassets */; };
		636E62F61E28770F00793DBA /* LaunchScreen.storyboard in Resources */ = {isa = PBXBuildFile; fileRef = 636E62F41E28770F00793DBA /* LaunchScreen.storyboard */; };
/* End PBXBuildFile section */

/* Begin PBXFileReference section */
		636E62E81E28770F00793DBA /* PlayMovie.app */ = {isa = PBXFileReference; explicitFileType = wrapper.application; includeInIndex = 0; path = PlayMovie.app; sourceTree = BUILT_PRODUCTS_DIR; };
		636E62EB1E28770F00793DBA /* AppDelegate.swift */ = {isa = PBXFileReference; lastKnownFileType = sourcecode.swift; path = AppDelegate.swift; sourceTree = "<group>"; };
		636E62ED1E28770F00793DBA /* ViewController.swift */ = {isa = PBXFileReference; lastKnownFileType = sourcecode.swift; path = ViewController.swift; sourceTree = "<group>"; };
		636E62F01E28770F00793DBA /* Base */ = {isa = PBXFileReference; lastKnownFileType = file.storyboard; name = Base; path = Base.lproj/Main.storyboard; sourceTree = "<group>"; };
		636E62F21E28770F00793DBA /* Assets.xcassets */ = {isa = PBXFileReference; lastKnownFileType = folder.assetcatalog; path = Assets.xcassets; sourceTree = "<group>"; };
		636E62F51E28770F00793DBA /* Base */ = {isa = PBXFileReference; lastKnownFileType = file.storyboard; name = Base; path = Base.lproj/LaunchScreen.storyboard; sourceTree = "<group>"; };
		636E62F71E28770F00793DBA /* Info.plist */ = {isa = PBXFileReference; lastKnownFileType = text.plist.xml; path = Info.plist; sourceTree = "<group>"; };
/* End PBXFileReference section */

/* Begin PBXFrameworksBuildPhase section */
		636E62E51E28770E00793DBA /* Frameworks */ = {
			isa = PBXFrameworksBuildPhase;
			buildActionMask = 2147483647;
			files = (
			);
			runOnlyForDeploymentPostprocessing = 0;
		};
/* End PBXFrameworksBuildPhase section */

/* Begin PBXGroup section */
		636E62DF1E28770E00793DBA = {
			isa = PBXGroup;
			children = (
				636E62EA1E28770F00793DBA /* PlayMovie */,
				636E62E91E28770F00793DBA /* Products */,
			);
			sourceTree = "<group>";
		};
		636E62E91E28770F00793DBA /* Products */ = {
			isa = PBXGroup;
			children = (
				636E62E81E28770F00793DBA /* PlayMovie.app */,
			);
			name = Products;
			sourceTree = "<group>";
		};
		636E62EA1E28770F00793DBA /* PlayMovie */ = {
			isa = PBXGroup;
			children = (
				636E62EB1E28770F00793DBA /* AppDelegate.swift */,
				636E62ED1E28770F00793DBA /* ViewController.swift */,
				636E62EF1E28770F00793DBA /* Main.storyboard */,
				636E62F21E28770F00793DBA /* Assets.xcassets */,
				636E62F41E28770F00793DBA /* LaunchScreen.storyboard */,
				636E62F71E28770F00793DBA /* Info.plist */,
			);
			path = PlayMovie;
			sourceTree = "<group>";
		};
/* End PBXGroup section */

/* Begin PBXNativeTarget section */
		636E62E71E28770E00793DBA /* PlayMovie */ = {
			isa = PBXNativeTarget;
			buildConfigurationList = 636E62FA1E28770F00793DBA /* Build configuration list for PBXNativeTarget "PlayMovie" */;
			buildPhases = (
				636E62E41E28770E00793DBA /* Sources */,
				636E62E51E28770E00793DBA /* Frameworks */,
				636E62E61E28770E00793DBA /* Resources */,
			);
			buildRules = (
			);
			dependencies = (
			);
			name = PlayMovie;
			productName = PlayMovie;
			productReference = 636E62E81E28770F00793DBA /* PlayMovie.app */;
			productType = "com.apple.product-type.application";
		};
/* End PBXNativeTarget section */

/* Begin PBXProject section */
		636E62E01E28770E00793DBA /* Project object */ = {
			isa = PBXProject;
			attributes = {
				LastSwiftUpdateCheck = 0810;
				LastUpgradeCheck = 0810;
				ORGANIZATIONNAME = "任前辈";
				TargetAttributes = {
					636E62E71E28770E00793DBA = {
						CreatedOnToolsVersion = 8.1;
						DevelopmentTeam = 73W5STJ9E9;
						ProvisioningStyle = Automatic;
					};
				};
			};
			buildConfigurationList = 636E62E31E28770E00793DBA /* Build configuration list for PBXProject "PlayMovie" */;
			compatibilityVersion = "Xcode 3.2";
			developmentRegion = English;
			hasScannedForEncodings = 0;
			knownRegions = (
				en,
				Base,
			);
			mainGroup = 636E62DF1E28770E00793DBA;
			productRefGroup = 636E62E91E28770F00793DBA /* Products */;
			projectDirPath = "";
			projectRoot = "";
			targets = (
				636E62E71E28770E00793DBA /* PlayMovie */,
			);
		};
/* End PBXProject section */

/* Begin PBXResourcesBuildPhase section */
		636E62E61E28770E00793DBA /* Resources */ = {
			isa = PBXResourcesBuildPhase;
			buildActionMask = 2147483647;
			files = (
				636E62F61E28770F00793DBA /* LaunchScreen.storyboard in Resources */,
				636E62F31E28770F00793DBA /* Assets.xcassets in Resources */,
				636E62F11E28770F00793DBA /* Main.storyboard in Resources */,
			);
			runOnlyForDeploymentPostprocessing = 0;
		};
/* End PBXResourcesBuildPhase section */

/* Begin PBXSourcesBuildPhase section */
		636E62E41E28770E00793DBA /* Sources */ = {
			isa = PBXSourcesBuildPhase;
			buildActionMask = 2147483647;
			files = (
				636E62EE1E28770F00793DBA /* ViewController.swift in Sources */,
				636E62EC1E28770F00793DBA /* AppDelegate.swift in Sources */,
			);
			runOnlyForDeploymentPostprocessing = 0;
		};
/* End PBXSourcesBuildPhase section */

/* Begin PBXVariantGroup section */
		636E62EF1E28770F00793DBA /* Main.storyboard */ = {
			isa = PBXVariantGroup;
			children = (
				636E62F01E28770F00793DBA /* Base */,
			);
			name = Main.storyboard;
			sourceTree = "<group>";
		};
		636E62F41E28770F00793DBA /* LaunchScreen.storyboard */ = {
			isa = PBXVariantGroup;
			children = (
				636E62F51E28770F00793DBA /* Base */,
			);
			name = LaunchScreen.storyboard;
			sourceTree = "<group>";
		};
/* End PBXVariantGroup section */

/* Begin XCBuildConfiguration section */
		636E62F81E28770F00793DBA /* Debug */ = {
			isa = XCBuildConfiguration;
			buildSettings = {
				ALWAYS_SEARCH_USER_PATHS = NO;
				CLANG_ANALYZER_NONNULL = YES;
				CLANG_CXX_LANGUAGE_STANDARD = "gnu++0x";
				CLANG_CXX_LIBRARY = "libc++";
				CLANG_ENABLE_MODULES = YES;
				CLANG_ENABLE_OBJC_ARC = YES;
				CLANG_WARN_BOOL_CONVERSION = YES;
				CLANG_WARN_CONSTANT_CONVERSION = YES;
				CLANG_WARN_DIRECT_OBJC_ISA_USAGE = YES_ERROR;
				CLANG_WARN_DOCUMENTATION_COMMENTS = YES;
				CLANG_WARN_EMPTY_BODY = YES;
				CLANG_WARN_ENUM_CONVERSION = YES;
				CLANG_WARN_INFINITE_RECURSION = YES;
				CLANG_WARN_INT_CONVERSION = YES;
				CLANG_WARN_OBJC_ROOT_CLASS = YES_ERROR;
				CLANG_WARN_SUSPICIOUS_MOVES = YES;
				CLANG_WARN_UNREACHABLE_CODE = YES;
				CLANG_WARN__DUPLICATE_METHOD_MATCH = YES;
				"CODE_SIGN_IDENTITY[sdk=iphoneos*]" = "iPhone Developer";
				COPY_PHASE_STRIP = NO;
				DEBUG_INFORMATION_FORMAT = dwarf;
				ENABLE_STRICT_OBJC_MSGSEND = YES;
				ENABLE_TESTABILITY = YES;
				GCC_C_LANGUAGE_STANDARD = gnu99;
				GCC_DYNAMIC_NO_PIC = NO;
				GCC_NO_COMMON_BLOCKS = YES;
				GCC_OPTIMIZATION_LEVEL = 0;
				GCC_PREPROCESSOR_DEFINITIONS = (
					"DEBUG=1",
					"$(inherited)",
				);
				GCC_WARN_64_TO_32_BIT_CONVERSION = YES;
				GCC_WARN_ABOUT_RETURN_TYPE = YES_ERROR;
				GCC_WARN_UNDECLARED_SELECTOR = YES;
				GCC_WARN_UNINITIALIZED_AUTOS = YES_AGGRESSIVE;
				GCC_WARN_UNUSED_FUNCTION = YES;
				GCC_WARN_UNUSED_VARIABLE = YES;
				IPHONEOS_DEPLOYMENT_TARGET = 10.1;
				MTL_ENABLE_DEBUG_INFO = YES;
				ONLY_ACTIVE_ARCH = YES;
				SDKROOT = iphoneos;
				SWIFT_ACTIVE_COMPILATION_CONDITIONS = DEBUG;
				SWIFT_OPTIMIZATION_LEVEL = "-Onone";
				TARGETED_DEVICE_FAMILY = "1,2";
			};
			name = Debug;
		};
		636E62F91E28770F00793DBA /* Release */ = {
			isa = XCBuildConfiguration;
			buildSettings = {
				ALWAYS_SEARCH_USER_PATHS = NO;
				CLANG_ANALYZER_NONNULL = YES;
				CLANG_CXX_LANGUAGE_STANDARD = "gnu++0x";
				CLANG_CXX_LIBRARY = "libc++";
				CLANG_ENABLE_MODULES = YES;
				CLANG_ENABLE_OBJC_ARC = YES;
				CLANG_WARN_BOOL_CONVERSION = YES;
				CLANG_WARN_CONSTANT_CONVERSION = YES;
				CLANG_WARN_DIRECT_OBJC_ISA_USAGE = YES_ERROR;
				CLANG_WARN_DOCUMENTATION_COMMENTS = YES;
				CLANG_WARN_EMPTY_BODY = YES;
				CLANG_WARN_ENUM_CONVERSION = YES;
				CLANG_WARN_INFINITE_RECURSION = YES;
				CLANG_WARN_INT_CONVERSION = YES;
				CLANG_WARN_OBJC_ROOT_CLASS = YES_ERROR;
				CLANG_WARN_SUSPICIOUS_MOVES = YES;
				CLANG_WARN_UNREACHABLE_CODE = YES;
				CLANG_WARN__DUPLICATE_METHOD_MATCH = YES;
				"CODE_SIGN_IDENTITY[sdk=iphoneos*]" = "iPhone Developer";
				COPY_PHASE_STRIP = NO;
				DEBUG_INFORMATION_FORMAT = "dwarf-with-dsym";
				ENABLE_NS_ASSERTIONS = NO;
				ENABLE_STRICT_OBJC_MSGSEND = YES;
				GCC_C_LANGUAGE_STANDARD = gnu99;
				GCC_NO_COMMON_BLOCKS = YES;
				GCC_WARN_64_TO_32_BIT_CONVERSION = YES;
				GCC_WARN_ABOUT_RETURN_TYPE = YES_ERROR;
				GCC_WARN_UNDECLARED_SELECTOR = YES;
				GCC_WARN_UNINITIALIZED_AUTOS = YES_AGGRESSIVE;
				GCC_WARN_UNUSED_FUNCTION = YES;
				GCC_WARN_UNUSED_VARIABLE = YES;
				IPHONEOS_DEPLOYMENT_TARGET = 10.1;
				MTL_ENABLE_DEBUG_INFO = NO;
				SDKROOT = iphoneos;
				SWIFT_OPTIMIZATION_LEVEL = "-Owholemodule";
				TARGETED_DEVICE_FAMILY = "1,2";
				VALIDATE_PRODUCT = YES;
			};
			name = Release;
		};
		636E62FB1E28770F00793DBA /* Debug */ = {
			isa = XCBuildConfiguration;
			buildSettings = {
				ASSETCATALOG_COMPILER_APPICON_NAME = AppIcon;
				DEVELOPMENT_TEAM = 73W5STJ9E9;
				INFOPLIST_FILE = PlayMovie/Info.plist;
				IPHONEOS_DEPLOYMENT_TARGET = 8.0;
				LD_RUNPATH_SEARCH_PATHS = "$(inherited) @executable_path/Frameworks";
				PRODUCT_BUNDLE_IDENTIFIER = com.rqb.PlayMovie;
				PRODUCT_NAME = "$(TARGET_NAME)";
				SWIFT_VERSION = 3.0;
			};
			name = Debug;
		};
		636E62FC1E28770F00793DBA /* Release */ = {
			isa = XCBuildConfiguration;
			buildSettings = {
				ASSETCATALOG_COMPILER_APPICON_NAME = AppIcon;
				DEVELOPMENT_TEAM = 73W5STJ9E9;
				INFOPLIST_FILE = PlayMovie/Info.plist;
				IPHONEOS_DEPLOYMENT_TARGET = 8.0;
				LD_RUNPATH_SEARCH_PATHS = "$(inherited) @executable_path/Frameworks";
				PRODUCT_BUNDLE_IDENTIFIER = com.rqb.PlayMovie;
				PRODUCT_NAME = "$(TARGET_NAME)";
				SWIFT_VERSION = 3.0;
			};
			name = Release;
		};
/* End XCBuildConfiguration section */

/* Begin XCConfigurationList section */
		636E62E31E28770E00793DBA /* Build configuration list for PBXProject "PlayMovie" */ = {
			isa = XCConfigurationList;
			buildConfigurations = (
				636E62F81E28770F00793DBA /* Debug */,
				636E62F91E28770F00793DBA /* Release */,
			);
			defaultConfigurationIsVisible = 0;
			defaultConfigurationName = Release;
		};
		636E62FA1E28770F00793DBA /* Build configuration list for PBXNativeTarget "PlayMovie" */ = {
			isa = XCConfigurationList;
			buildConfigurations = (
				636E62FB1E28770F00793DBA /* Debug */,
				636E62FC1E28770F00793DBA /* Release */,
			);
			defaultConfigurationIsVisible = 0;
		};
/* End XCConfigurationList section */
	};
	rootObject = 636E62E01E28770E00793DBA /* Project object */;
}
